# This file was autogenerated by Stack.
# You should not edit this file by hand.
# For more information, please see the documentation at:
#   https://docs.haskellstack.org/en/stable/lock_files

packages:
- completed:
    commit: 94ab82c04795f515ed72d81d59392a52db998b4d
    git: https://github.com/robertmassaioli/network-api-support.git
    name: network-api-support
    pantry-tree:
      sha256: 8faa5610fa77ddac5bca67f9eb54beaf85a1bbf5c991258b31913bc973559ae2
      size: 1330
    version: 0.3.5
  original:
    commit: 94ab82c04795f515ed72d81d59392a52db998b4d
    git: https://github.com/robertmassaioli/network-api-support.git
- completed:
    commit: 44d27ac90d7b7928afea4c8dfaddd81913d2fbb8
    git: https://github.com/robertmassaioli/snaplet-postgresql-simple.git
    name: snaplet-postgresql-simple
    pantry-tree:
      sha256: d2f60036bc3e02a7842391af832febdd60e3c7ffaba9bccc831bd0fcac260264
      size: 913
    version: 1.2.0.0
  original:
    commit: 44d27ac90d7b7928afea4c8dfaddd81913d2fbb8
    git: https://github.com/robertmassaioli/snaplet-postgresql-simple.git
- completed:
    commit: 2a07719b245a25abb7771b3f82ea0921d6139554
    git: https://github.com/robertmassaioli/snap-server.git
    name: snap-server
    pantry-tree:
      sha256: e728b1c855e181ec0d13fb58921229b09f7842ec294315c9db6196de13ac17bf
      size: 13785
    version: 1.1.2.1
  original:
    commit: 2a07719b245a25abb7771b3f82ea0921d6139554
    git: https://github.com/robertmassaioli/snap-server.git
- completed:
    hackage: atlassian-connect-descriptor-0.4.15.0@sha256:da30c9f5d1f325409e69bcedba916d62adcca2878bb4dc82b01241968f3ccc77,2369
    pantry-tree:
      sha256: 50a1e7a0dc3c3bfc1a5c991a32d79318eef74b1390639ac98329b38735f58196
      size: 1289
  original:
    hackage: atlassian-connect-descriptor-0.4.15.0
- completed:
    hackage: atlassian-connect-core-0.10.0.2@sha256:0ef0e00d92f63a4e0f8a2a81e33d6e76847aee5b0e4d9e05238f633806526c43,2823
    pantry-tree:
      sha256: 9626ef154d05c458d078c46727c5d8d1b76555219441cfe8acf3caa3a70fdb01
      size: 1898
  original:
    hackage: atlassian-connect-core-0.10.0.2
- completed:
    commit: 2cfdf435cb50d9c6cc80231a5f98dfdfcdeb64b6
    git: https://github.com/robertmassaioli/dbmigrations.git
    name: dbmigrations
    pantry-tree:
      sha256: 54d4125a75503fc71388090fb1244ab39ebbe09a33c4fb157b76bbf9f95a2d75
      size: 4142
    version: 2.1.0
  original:
    commit: 2cfdf435cb50d9c6cc80231a5f98dfdfcdeb64b6
    git: https://github.com/robertmassaioli/dbmigrations.git
- completed:
    hackage: HDBC-postgresql-2.5.0.1@sha256:37bb911cd996d12c91fa711002877f32f91bcc488de76d85a05865c3af9dc580,3032
    pantry-tree:
      sha256: bb1e349a28844e59ed36e1a3963cd6946e57f5e39244a6d36397d6291d68a138
      size: 1611
  original:
    hackage: HDBC-postgresql-2.5.0.1
- completed:
    hackage: heist-1.1.1.2@sha256:5b349daca9db76147bf7c26b0e10c6a4a5b93f8137658ae29de25d86d3de45e8,8655
    pantry-tree:
      sha256: cb4f6e7030a1267ffbf048b32c639fe60cfd67cb6738f56b5f45015daaf3e31a
      size: 7407
  original:
    hackage: heist-1.1.1.2
- completed:
    hackage: snap-loader-static-1.0.0.1@sha256:d2d333ccdde98743cfb832822563caec062bb32f0821f6773c5f790450bdb2cb,1172
    pantry-tree:
      sha256: a9946748bafe468712a0569d45dbdb5bc71782d615be062754f3a7966a75c10a
      size: 383
  original:
    hackage: snap-loader-static-1.0.0.1
- completed:
    hackage: resource-pool-0.2.3.2@sha256:0955486bc1db37e4eb27acb964185f9e9cb8ad5ce054c85e1e6fd7562b2d7542,1375
    pantry-tree:
      sha256: 07d0db63c72372262b29bb9c8ba63ab6dc1c1779c519c6e65e5fdc7a245ef4eb
      size: 267
  original:
    hackage: resource-pool-0.2.3.2
- completed:
    hackage: snap-1.1.3.3@sha256:24ba77345d3ac991e98c3d0fd66d0ee52f2f78c6041d3e3476e98ba3355f21b2,8514
    pantry-tree:
      sha256: 3d59117bd08a81511d997e0c89edf10a74af8b462706bcb960f9ae4e6f10d79b
      size: 5795
  original:
    hackage: snap-1.1.3.3
- completed:
    hackage: snap-core-1.0.5.1@sha256:e84e14c59ef925cf83312103449e4253800489d051991675b747ee5bcc6dda4e,9502
    pantry-tree:
      sha256: 58715afcb05dfac897b3a4ab3dd8e34f99f17c65d470f589202ef62ead8453ca
      size: 3429
  original:
    hackage: snap-core-1.0.5.1
snapshots:
- completed:
    sha256: fb482b8e2d5d061cdda4ba1da2957c012740c893a5ee1c1b99001adae7b1fbe7
    size: 640046
    url: https://raw.githubusercontent.com/commercialhaskell/stackage-snapshots/master/lts/21/19.yaml
  original: lts-21.19
